
Microsoft Visual Studio Solution File, Format Version 11.00
# Visual Studio 2010
Project("{FAE04EC0-301F-11D3-BF4B-00C04F79EFBC}") = "PatrickStarRunningGame", "Assembly-CSharp.csproj", "{D5B612BD-3EF9-C68E-9514-D2C73016DA8B}"
EndProject
Global
	GlobalSection(SolutionConfigurationPlatforms) = preSolution
		Debug|Any CPU = Debug|Any CPU
		Release|Any CPU = Release|Any CPU
	EndGlobalSection
	GlobalSection(ProjectConfigurationPlatforms) = postSolution
		{D5B612BD-3EF9-C68E-9514-D2C73016DA8B}.Debug|Any CPU.ActiveCfg = Debug|Any CPU
		{D5B612BD-3EF9-C68E-9514-D2C73016DA8B}.Debug|Any CPU.Build.0 = Debug|Any CPU
		{D5B612BD-3EF9-C68E-9514-D2C73016DA8B}.Release|Any CPU.ActiveCfg = Release|Any CPU
		{D5B612BD-3EF9-C68E-9514-D2C73016DA8B}.Release|Any CPU.Build.0 = Release|Any CPU
	EndGlobalSection
	GlobalSection(SolutionProperties) = preSolution
		HideSolutionNode = FALSE
	EndGlobalSection
	GlobalSection(MonoDevelopProperties) = preSolution
		StartupItem = Assembly-CSharp.csproj
	EndGlobalSection
EndGlobal
